PATH
  remote: ../..
  specs:
    temporalio (1.9.0)
      google-protobuf (>= 3.25.0)
      json
      logger

GEM
  remote: https://rubygems.org/
  specs:
    async (2.46.0)
      console (~> 1.29)
      fiber-annotation
      io-event (~> 1.21)
    bigdecimal (4.1.3)
    console (1.38.0)
      fiber-annotation
      fiber-local (~> 1.1)
      json
    drb (2.2.3)
    fiber-annotation (0.2.0)
    fiber-local (1.1.0)
      fiber-storage
    fiber-storage (1.0.1)
    google-protobuf (4.36.1-arm64-darwin)
      bigdecimal
      rake (~> 13.3)
    google-protobuf (4.36.1-x86_64-linux-gnu)
      bigdecimal
      rake (~> 13.3)
    io-event (1.22.1)
    json (3.0.2)
    logger (1.7.0)
    minitest (6.0.6)
      drb (~> 2.0)
      prism (~> 1.5)
    prism (1.9.0)
    rake (13.3.1)

PLATFORMS
  arm64-darwin
  x86_64-linux

DEPENDENCIES
  async
  json (~> 3.0)
  minitest
  temporalio!

CHECKSUMS
  async (2.46.0) sha256=34f984733dbf63a997376346451ec995e858cacc3105e86ccfeaf8877b4f490b
  bigdecimal (4.1.3) sha256=61ebe1e5e559bdc3cc6f2c0ee7f427321fc838f59611c294356eb04d6e21cf66
  console (1.38.0) sha256=35b82f59130e95e9be6b832d9e539c8b3988fc192e4a8e9a86ab4922f44ad5de
  drb (2.2.3) sha256=0b00d6fdb50995fe4a45dea13663493c841112e4068656854646f418fda13373
  fiber-annotation (0.2.0) sha256=7abfadf1d119f508867d4103bf231c0354d019cc39a5738945dec2edadaf6c03
  fiber-local (1.1.0) sha256=c885f94f210fb9b05737de65d511136ea602e00c5105953748aa0f8793489f06
  fiber-storage (1.0.1) sha256=f48e5b6d8b0be96dac486332b55cee82240057065dc761c1ea692b2e719240e1
  google-protobuf (4.36.1-arm64-darwin) sha256=4d82184f4582dfa123f9793cd7a73beca9b0d3f0d3717948c4120b6cc0d50f2d
  google-protobuf (4.36.1-x86_64-linux-gnu) sha256=e735a3f3d6596b1010013c2030778bc030770e659106fe7e4ae0f07631b551cb
  io-event (1.22.1) sha256=0dd054cefe4a29f1b8286604f332c14f3208d75f54902961e91e94d45e5e1600
  json (3.0.2) sha256=8e6d7e7b11384c21230430cef90b71f14849a34a1f4452796670f7c981bd19df
  logger (1.7.0) sha256=196edec7cc44b66cfb40f9755ce11b392f21f7967696af15d274dde7edff0203
  minitest (6.0.6) sha256=153ea36d1d987a62942382b61075745042a2b3123b1cd48f4c3675af9cc7d6f1
  prism (1.9.0) sha256=7b530c6a9f92c24300014919c9dcbc055bf4cdf51ec30aed099b06cd6674ef85
  rake (13.3.1) sha256=8c9e89d09f66a26a01264e7e3480ec0607f0c497a861ef16063604b1b08eb19c
  temporalio (1.9.0)

BUNDLED WITH
  4.0.9
