---
path: ".gem_rbs_collection"
gems:
- name: activemodel
  version: '7.0'
  source:
    type: git
    name: ruby/gem_rbs_collection
    revision: 2275d263564ec90f749ea9ff8fce8160b9ed58e9
    remote: https://github.com/ruby/gem_rbs_collection.git
    repo_dir: gems
- name: activerecord
  version: '7.1'
  source:
    type: git
    name: ruby/gem_rbs_collection
    revision: 2275d263564ec90f749ea9ff8fce8160b9ed58e9
    remote: https://github.com/ruby/gem_rbs_collection.git
    repo_dir: gems
- name: activesupport
  version: '7.0'
  source:
    type: git
    name: ruby/gem_rbs_collection
    revision: e9bc1bf94c262e79a2d599a9c173342915b29808
    remote: https://github.com/ruby/gem_rbs_collection.git
    repo_dir: gems
- name: async
  version: '2.12'
  source:
    type: git
    name: ruby/gem_rbs_collection
    revision: e9bc1bf94c262e79a2d599a9c173342915b29808
    remote: https://github.com/ruby/gem_rbs_collection.git
    repo_dir: gems
- name: base64
  version: '0'
  source:
    type: stdlib
- name: bigdecimal
  version: '0'
  source:
    type: stdlib
- name: concurrent-ruby
  version: '1.1'
  source:
    type: git
    name: ruby/gem_rbs_collection
    revision: e9bc1bf94c262e79a2d599a9c173342915b29808
    remote: https://github.com/ruby/gem_rbs_collection.git
    repo_dir: gems
- name: csv
  version: '0'
  source:
    type: stdlib
- name: date
  version: '0'
  source:
    type: stdlib
- name: erb
  version: '0'
  source:
    type: stdlib
- name: fileutils
  version: '0'
  source:
    type: stdlib
- name: forwardable
  version: '0'
  source:
    type: stdlib
- name: google-protobuf
  version: '3.22'
  source:
    type: git
    name: ruby/gem_rbs_collection
    revision: e9bc1bf94c262e79a2d599a9c173342915b29808
    remote: https://github.com/ruby/gem_rbs_collection.git
    repo_dir: gems
- name: grpc
  version: '1.63'
  source:
    type: git
    name: ruby/gem_rbs_collection
    revision: e9bc1bf94c262e79a2d599a9c173342915b29808
    remote: https://github.com/ruby/gem_rbs_collection.git
    repo_dir: gems
- name: i18n
  version: '1.10'
  source:
    type: git
    name: ruby/gem_rbs_collection
    revision: e9bc1bf94c262e79a2d599a9c173342915b29808
    remote: https://github.com/ruby/gem_rbs_collection.git
    repo_dir: gems
- name: json
  version: '0'
  source:
    type: stdlib
- name: logger
  version: '0'
  source:
    type: stdlib
- name: minitest
  version: '0'
  source:
    type: stdlib
- name: monitor
  version: '0'
  source:
    type: stdlib
- name: mutex_m
  version: '0'
  source:
    type: stdlib
- name: openssl
  version: '0'
  source:
    type: stdlib
- name: optparse
  version: '0'
  source:
    type: stdlib
- name: pathname
  version: '0'
  source:
    type: stdlib
- name: rbs
  version: 3.5.3
  source:
    type: rubygems
- name: rdoc
  version: '0'
  source:
    type: stdlib
- name: ripper
  version: '0'
  source:
    type: stdlib
- name: securerandom
  version: '0'
  source:
    type: stdlib
- name: singleton
  version: '0'
  source:
    type: stdlib
- name: socket
  version: '0'
  source:
    type: stdlib
- name: sqlite3
  version: '2.0'
  source:
    type: git
    name: ruby/gem_rbs_collection
    revision: 7ae9e3cf731a9628e0cc39064ed6e2cf51d822da
    remote: https://github.com/ruby/gem_rbs_collection.git
    repo_dir: gems
- name: strscan
  version: '0'
  source:
    type: stdlib
- name: time
  version: '0'
  source:
    type: stdlib
- name: timeout
  version: '0'
  source:
    type: stdlib
- name: tsort
  version: '0'
  source:
    type: stdlib
- name: tzinfo
  version: '2.0'
  source:
    type: git
    name: ruby/gem_rbs_collection
    revision: e9bc1bf94c262e79a2d599a9c173342915b29808
    remote: https://github.com/ruby/gem_rbs_collection.git
    repo_dir: gems
- name: uri
  version: '0'
  source:
    type: stdlib
- name: yard
  version: '0.9'
  source:
    type: git
    name: ruby/gem_rbs_collection
    revision: e9bc1bf94c262e79a2d599a9c173342915b29808
    remote: https://github.com/ruby/gem_rbs_collection.git
    repo_dir: gems
gemfile_lock_path: Gemfile.lock
